
Microsoft Visual Studio Solution File, Format Version 12.00
Project("{FAE04EC0-301F-11D3-BF4B-00C04F79EFBC}") = "API", "API\API.csproj", "{7199660C-E22A-41E2-9ED7-D9547A3F6264}"
EndProject
Project("{FAE04EC0-301F-11D3-BF4B-00C04F79EFBC}") = "Application", "Application\Application.csproj", "{6C44AE19-4D1B-4751-90E0-14343E658576}"
EndProject
Project("{FAE04EC0-301F-11D3-BF4B-00C04F79EFBC}") = "Tests", "Tests\Tests.csproj", "{F4FAC7D5-DAA7-4205-B8E7-9F7FD06111E7}"
EndProject
Project("{FAE04EC0-301F-11D3-BF4B-00C04F79EFBC}") = "DeveloperOperations", "DeveloperOperations\DeveloperOperations.csproj", "{D329336D-53F3-48E3-BE24-AAE9268D744E}"
EndProject
Project("{FAE04EC0-301F-11D3-BF4B-00C04F79EFBC}") = "DataSeeder", "DataSeeder\DataSeeder.csproj", "{2F54DC6C-2A4B-4E44-9D91-6B020FFD0951}"
EndProject
Project("{FAE04EC0-301F-11D3-BF4B-00C04F79EFBC}") = "Shared", "Shared\Shared.csproj", "{B5B41E53-8203-44C9-A3D7-551374F1D3F7}"
EndProject
Project("{2150E333-8FDC-42A3-9474-1A3956D46DE8}") = "API", "API", "{BBBA1BF3-5B11-4299-99D0-8EB16772573A}"
EndProject
Project("{2150E333-8FDC-42A3-9474-1A3956D46DE8}") = "Tools", "Tools", "{2C0C98B0-D830-4E6E-B6A7-B90130F368D9}"
EndProject
Global
	GlobalSection(SolutionConfigurationPlatforms) = preSolution
		Debug|Any CPU = Debug|Any CPU
		Release|Any CPU = Release|Any CPU
	EndGlobalSection
	GlobalSection(ProjectConfigurationPlatforms) = postSolution
		{7199660C-E22A-41E2-9ED7-D9547A3F6264}.Debug|Any CPU.ActiveCfg = Debug|Any CPU
		{7199660C-E22A-41E2-9ED7-D9547A3F6264}.Debug|Any CPU.Build.0 = Debug|Any CPU
		{7199660C-E22A-41E2-9ED7-D9547A3F6264}.Release|Any CPU.ActiveCfg = Release|Any CPU
		{7199660C-E22A-41E2-9ED7-D9547A3F6264}.Release|Any CPU.Build.0 = Release|Any CPU
		{6C44AE19-4D1B-4751-90E0-14343E658576}.Debug|Any CPU.ActiveCfg = Debug|Any CPU
		{6C44AE19-4D1B-4751-90E0-14343E658576}.Debug|Any CPU.Build.0 = Debug|Any CPU
		{6C44AE19-4D1B-4751-90E0-14343E658576}.Release|Any CPU.ActiveCfg = Release|Any CPU
		{6C44AE19-4D1B-4751-90E0-14343E658576}.Release|Any CPU.Build.0 = Release|Any CPU
		{F4FAC7D5-DAA7-4205-B8E7-9F7FD06111E7}.Debug|Any CPU.ActiveCfg = Debug|Any CPU
		{F4FAC7D5-DAA7-4205-B8E7-9F7FD06111E7}.Debug|Any CPU.Build.0 = Debug|Any CPU
		{F4FAC7D5-DAA7-4205-B8E7-9F7FD06111E7}.Release|Any CPU.ActiveCfg = Release|Any CPU
		{F4FAC7D5-DAA7-4205-B8E7-9F7FD06111E7}.Release|Any CPU.Build.0 = Release|Any CPU
		{D329336D-53F3-48E3-BE24-AAE9268D744E}.Debug|Any CPU.ActiveCfg = Debug|Any CPU
		{D329336D-53F3-48E3-BE24-AAE9268D744E}.Debug|Any CPU.Build.0 = Debug|Any CPU
		{D329336D-53F3-48E3-BE24-AAE9268D744E}.Release|Any CPU.ActiveCfg = Release|Any CPU
		{D329336D-53F3-48E3-BE24-AAE9268D744E}.Release|Any CPU.Build.0 = Release|Any CPU
		{2F54DC6C-2A4B-4E44-9D91-6B020FFD0951}.Debug|Any CPU.ActiveCfg = Debug|Any CPU
		{2F54DC6C-2A4B-4E44-9D91-6B020FFD0951}.Debug|Any CPU.Build.0 = Debug|Any CPU
		{2F54DC6C-2A4B-4E44-9D91-6B020FFD0951}.Release|Any CPU.ActiveCfg = Release|Any CPU
		{2F54DC6C-2A4B-4E44-9D91-6B020FFD0951}.Release|Any CPU.Build.0 = Release|Any CPU
		{B5B41E53-8203-44C9-A3D7-551374F1D3F7}.Debug|Any CPU.ActiveCfg = Debug|Any CPU
		{B5B41E53-8203-44C9-A3D7-551374F1D3F7}.Debug|Any CPU.Build.0 = Debug|Any CPU
		{B5B41E53-8203-44C9-A3D7-551374F1D3F7}.Release|Any CPU.ActiveCfg = Release|Any CPU
		{B5B41E53-8203-44C9-A3D7-551374F1D3F7}.Release|Any CPU.Build.0 = Release|Any CPU
	EndGlobalSection
	GlobalSection(NestedProjects) = preSolution
		{7199660C-E22A-41E2-9ED7-D9547A3F6264} = {BBBA1BF3-5B11-4299-99D0-8EB16772573A}
		{6C44AE19-4D1B-4751-90E0-14343E658576} = {BBBA1BF3-5B11-4299-99D0-8EB16772573A}
		{B5B41E53-8203-44C9-A3D7-551374F1D3F7} = {BBBA1BF3-5B11-4299-99D0-8EB16772573A}
		{F4FAC7D5-DAA7-4205-B8E7-9F7FD06111E7} = {BBBA1BF3-5B11-4299-99D0-8EB16772573A}
		{2F54DC6C-2A4B-4E44-9D91-6B020FFD0951} = {2C0C98B0-D830-4E6E-B6A7-B90130F368D9}
		{D329336D-53F3-48E3-BE24-AAE9268D744E} = {2C0C98B0-D830-4E6E-B6A7-B90130F368D9}
	EndGlobalSection
EndGlobal
